// !$*UTF8*$!
{
	archiveVersion = 1;
	classes = {
	};
	objectVersion = 50;
	objects = {

/* Begin PBXBuildFile section */
		344F56AA24B533C400E63F75 /* AppDelegate.swift in Sources */ = {isa = PBXBuildFile; fileRef = 344F56A924B533C400E63F75 /* AppDelegate.swift */; };
		344F56AC24B533C400E63F75 /* SceneDelegate.swift in Sources */ = {isa = PBXBuildFile; fileRef = 344F56AB24B533C400E63F75 /* SceneDelegate.swift */; };
		344F56AE24B533C400E63F75 /* ViewController.swift in Sources */ = {isa = PBXBuildFile; fileRef = 344F56AD24B533C400E63F75 /* ViewController.swift */; };
		344F56B124B533C400E63F75 /* Main.storyboard in Resources */ = {isa = PBXBuildFile; fileRef = 344F56AF24B533C400E63F75 /* Main.storyboard */; };
		344F56B324B533C600E63F75 /* Assets.xcassets in Resources */ = {isa = PBXBuildFile; fileRef = 344F56B224B533C600E63F75 /* Assets.xcassets */; };
		344F56B624B533C600E63F75 /* LaunchScreen.storyboard in Resources */ = {isa = PBXBuildFile; fileRef = 344F56B424B533C600E63F75 /* LaunchScreen.storyboard */; };
		344F56BE24B6887500E63F75 /* ListViewController.swift in Sources */ = {isa = PBXBuildFile; fileRef = 344F56BD24B6887500E63F75 /* ListViewController.swift */; };
		344F56C024B7F0C100E63F75 /* ListViewCell.swift in Sources */ = {isa = PBXBuildFile; fileRef = 344F56BF24B7F0C100E63F75 /* ListViewCell.swift */; };
		34F2424B24BB79A30099D09D /* Vocalize.xcdatamodeld in Sources */ = {isa = PBXBuildFile; fileRef = 34F2424924BB79A30099D09D /* Vocalize.xcdatamodeld */; };
		34F2425124BD45CF0099D09D /* EditRecordingViewController.swift in Sources */ = {isa = PBXBuildFile; fileRef = 34F2425024BD45CF0099D09D /* EditRecordingViewController.swift */; };
		34F2425424BD466C0099D09D /* EditRecordingName.storyboard in Resources */ = {isa = PBXBuildFile; fileRef = 34F2425224BD466C0099D09D /* EditRecordingName.storyboard */; };
		34F2425624BF71F40099D09D /* AudioTranscriptionViewController.swift in Sources */ = {isa = PBXBuildFile; fileRef = 34F2425524BF71F40099D09D /* AudioTranscriptionViewController.swift */; };
		34F2425824BF874A0099D09D /* FileHelperMethods.swift in Sources */ = {isa = PBXBuildFile; fileRef = 34F2425724BF874A0099D09D /* FileHelperMethods.swift */; };
/* End PBXBuildFile section */

/* Begin PBXFileReference section */
		341A69B824C0D252002A38BB /* Vocalize.entitlements */ = {isa = PBXFileReference; lastKnownFileType = text.plist.entitlements; path = Vocalize.entitlements; sourceTree = "<group>"; };
		344F56A624B533C400E63F75 /* Vocalize.app */ = {isa = PBXFileReference; explicitFileType = wrapper.application; includeInIndex = 0; path = Vocalize.app; sourceTree = BUILT_PRODUCTS_DIR; };
		344F56A924B533C400E63F75 /* AppDelegate.swift */ = {isa = PBXFileReference; lastKnownFileType = sourcecode.swift; path = AppDelegate.swift; sourceTree = "<group>"; };
		344F56AB24B533C400E63F75 /* SceneDelegate.swift */ = {isa = PBXFileReference; lastKnownFileType = sourcecode.swift; path = SceneDelegate.swift; sourceTree = "<group>"; };
		344F56AD24B533C400E63F75 /* ViewController.swift */ = {isa = PBXFileReference; lastKnownFileType = sourcecode.swift; path = ViewController.swift; sourceTree = "<group>"; };
		344F56B024B533C400E63F75 /* Base */ = {isa = PBXFileReference; lastKnownFileType = file.storyboard; name = Base; path = Base.lproj/Main.storyboard; sourceTree = "<group>"; };
		344F56B224B533C600E63F75 /* Assets.xcassets */ = {isa = PBXFileReference; lastKnownFileType = folder.assetcatalog; path = Assets.xcassets; sourceTree = "<group>"; };
		344F56B524B533C600E63F75 /* Base */ = {isa = PBXFileReference; lastKnownFileType = file.storyboard; name = Base; path = Base.lproj/LaunchScreen.storyboard; sourceTree = "<group>"; };
		344F56B724B533C600E63F75 /* Info.plist */ = {isa = PBXFileReference; lastKnownFileType = text.plist.xml; path = Info.plist; sourceTree = "<group>"; };
		344F56BD24B6887500E63F75 /* ListViewController.swift */ = {isa = PBXFileReference; lastKnownFileType = sourcecode.swift; path = ListViewController.swift; sourceTree = "<group>"; };
		344F56BF24B7F0C100E63F75 /* ListViewCell.swift */ = {isa = PBXFileReference; lastKnownFileType = sourcecode.swift; path = ListViewCell.swift; sourceTree = "<group>"; };
		34F2424A24BB79A30099D09D /* Vocalize.xcdatamodel */ = {isa = PBXFileReference; lastKnownFileType = wrapper.xcdatamodel; path = Vocalize.xcdatamodel; sourceTree = "<group>"; };
		34F2425024BD45CF0099D09D /* EditRecordingViewController.swift */ = {isa = PBXFileReference; lastKnownFileType = sourcecode.swift; path = EditRecordingViewController.swift; sourceTree = "<group>"; };
		34F2425324BD466C0099D09D /* Base */ = {isa = PBXFileReference; lastKnownFileType = file.storyboard; name = Base; path = Vocalize/Base.lproj/EditRecordingName.storyboard; sourceTree = SOURCE_ROOT; };
		34F2425524BF71F40099D09D /* AudioTranscriptionViewController.swift */ = {isa = PBXFileReference; lastKnownFileType = sourcecode.swift; path = AudioTranscriptionViewController.swift; sourceTree = "<group>"; };
		34F2425724BF874A0099D09D /* FileHelperMethods.swift */ = {isa = PBXFileReference; lastKnownFileType = sourcecode.swift; path = FileHelperMethods.swift; sourceTree = "<group>"; };
/* End PBXFileReference section */

/* Begin PBXFrameworksBuildPhase section */
		344F56A324B533C400E63F75 /* Frameworks */ = {
			isa = PBXFrameworksBuildPhase;
			buildActionMask = 2147483647;
			files = (
			);
			runOnlyForDeploymentPostprocessing = 0;
		};
/* End PBXFrameworksBuildPhase section */

/* Begin PBXGroup section */
		344F569D24B533C400E63F75 = {
			isa = PBXGroup;
			children = (
				344F56A824B533C400E63F75 /* Vocalize */,
				344F56A724B533C400E63F75 /* Products */,
			);
			sourceTree = "<group>";
		};
		344F56A724B533C400E63F75 /* Products */ = {
			isa = PBXGroup;
			children = (
				344F56A624B533C400E63F75 /* Vocalize.app */,
			);
			name = Products;
			sourceTree = "<group>";
		};
		344F56A824B533C400E63F75 /* Vocalize */ = {
			isa = PBXGroup;
			children = (
				341A69B824C0D252002A38BB /* Vocalize.entitlements */,
				34F2424F24BD45600099D09D /* EditRecording */,
				344F56A924B533C400E63F75 /* AppDelegate.swift */,
				34F2424924BB79A30099D09D /* Vocalize.xcdatamodeld */,
				344F56AB24B533C400E63F75 /* SceneDelegate.swift */,
				344F56AD24B533C400E63F75 /* ViewController.swift */,
				344F56AF24B533C400E63F75 /* Main.storyboard */,
				344F56B224B533C600E63F75 /* Assets.xcassets */,
				344F56B424B533C600E63F75 /* LaunchScreen.storyboard */,
				344F56B724B533C600E63F75 /* Info.plist */,
				344F56BD24B6887500E63F75 /* ListViewController.swift */,
				34F2425724BF874A0099D09D /* FileHelperMethods.swift */,
				34F2425524BF71F40099D09D /* AudioTranscriptionViewController.swift */,
				344F56BF24B7F0C100E63F75 /* ListViewCell.swift */,
			);
			path = Vocalize;
			sourceTree = "<group>";
		};
		34F2424F24BD45600099D09D /* EditRecording */ = {
			isa = PBXGroup;
			children = (
				34F2425224BD466C0099D09D /* EditRecordingName.storyboard */,
				34F2425024BD45CF0099D09D /* EditRecordingViewController.swift */,
			);
			path = EditRecording;
			sourceTree = "<group>";
		};
/* End PBXGroup section */

/* Begin PBXNativeTarget section */
		344F56A524B533C400E63F75 /* Vocalize */ = {
			isa = PBXNativeTarget;
			buildConfigurationList = 344F56BA24B533C600E63F75 /* Build configuration list for PBXNativeTarget "Vocalize" */;
			buildPhases = (
				344F56A224B533C400E63F75 /* Sources */,
				344F56A324B533C400E63F75 /* Frameworks */,
				344F56A424B533C400E63F75 /* Resources */,
			);
			buildRules = (
			);
			dependencies = (
			);
			name = Vocalize;
			productName = Vocalize;
			productReference = 344F56A624B533C400E63F75 /* Vocalize.app */;
			productType = "com.apple.product-type.application";
		};
/* End PBXNativeTarget section */

/* Begin PBXProject section */
		344F569E24B533C400E63F75 /* Project object */ = {
			isa = PBXProject;
			attributes = {
				LastSwiftUpdateCheck = 1150;
				LastUpgradeCheck = 1150;
				ORGANIZATIONNAME = "Maryam Heshmati";
				TargetAttributes = {
					344F56A524B533C400E63F75 = {
						CreatedOnToolsVersion = 11.5;
					};
				};
			};
			buildConfigurationList = 344F56A124B533C400E63F75 /* Build configuration list for PBXProject "Vocalize" */;
			compatibilityVersion = "Xcode 9.3";
			developmentRegion = en;
			hasScannedForEncodings = 0;
			knownRegions = (
				en,
				Base,
			);
			mainGroup = 344F569D24B533C400E63F75;
			productRefGroup = 344F56A724B533C400E63F75 /* Products */;
			projectDirPath = "";
			projectRoot = "";
			targets = (
				344F56A524B533C400E63F75 /* Vocalize */,
			);
		};
/* End PBXProject section */

/* Begin PBXResourcesBuildPhase section */
		344F56A424B533C400E63F75 /* Resources */ = {
			isa = PBXResourcesBuildPhase;
			buildActionMask = 2147483647;
			files = (
				344F56B624B533C600E63F75 /* LaunchScreen.storyboard in Resources */,
				344F56B324B533C600E63F75 /* Assets.xcassets in Resources */,
				344F56B124B533C400E63F75 /* Main.storyboard in Resources */,
				34F2425424BD466C0099D09D /* EditRecordingName.storyboard in Resources */,
			);
			runOnlyForDeploymentPostprocessing = 0;
		};
/* End PBXResourcesBuildPhase section */

/* Begin PBXSourcesBuildPhase section */
		344F56A224B533C400E63F75 /* Sources */ = {
			isa = PBXSourcesBuildPhase;
			buildActionMask = 2147483647;
			files = (
				34F2424B24BB79A30099D09D /* Vocalize.xcdatamodeld in Sources */,
				34F2425824BF874A0099D09D /* FileHelperMethods.swift in Sources */,
				344F56AE24B533C400E63F75 /* ViewController.swift in Sources */,
				34F2425624BF71F40099D09D /* AudioTranscriptionViewController.swift in Sources */,
				344F56AA24B533C400E63F75 /* AppDelegate.swift in Sources */,
				344F56C024B7F0C100E63F75 /* ListViewCell.swift in Sources */,
				344F56BE24B6887500E63F75 /* ListViewController.swift in Sources */,
				34F2425124BD45CF0099D09D /* EditRecordingViewController.swift in Sources */,
				344F56AC24B533C400E63F75 /* SceneDelegate.swift in Sources */,
			);
			runOnlyForDeploymentPostprocessing = 0;
		};
/* End PBXSourcesBuildPhase section */

/* Begin PBXVariantGroup section */
		344F56AF24B533C400E63F75 /* Main.storyboard */ = {
			isa = PBXVariantGroup;
			children = (
				344F56B024B533C400E63F75 /* Base */,
			);
			name = Main.storyboard;
			sourceTree = "<group>";
		};
		344F56B424B533C600E63F75 /* LaunchScreen.storyboard */ = {
			isa = PBXVariantGroup;
			children = (
				344F56B524B533C600E63F75 /* Base */,
			);
			name = LaunchScreen.storyboard;
			sourceTree = "<group>";
		};
		34F2425224BD466C0099D09D /* EditRecordingName.storyboard */ = {
			isa = PBXVariantGroup;
			children = (
				34F2425324BD466C0099D09D /* Base */,
			);
			name = EditRecordingName.storyboard;
			sourceTree = "<group>";
		};
/* End PBXVariantGroup section */

/* Begin XCBuildConfiguration section */
		344F56B824B533C600E63F75 /* Debug */ = {
			isa = XCBuildConfiguration;
			buildSettings = {
				ALWAYS_SEARCH_USER_PATHS = NO;
				CLANG_ANALYZER_NONNULL = YES;
				CLANG_ANALYZER_NUMBER_OBJECT_CONVERSION = YES_AGGRESSIVE;
				CLANG_CXX_LANGUAGE_STANDARD = "gnu++14";
				CLANG_CXX_LIBRARY = "libc++";
				CLANG_ENABLE_MODULES = YES;
				CLANG_ENABLE_OBJC_ARC = YES;
				CLANG_ENABLE_OBJC_WEAK = YES;
				CLANG_WARN_BLOCK_CAPTURE_AUTORELEASING = YES;
				CLANG_WARN_BOOL_CONVERSION = YES;
				CLANG_WARN_COMMA = YES;
				CLANG_WARN_CONSTANT_CONVERSION = YES;
				CLANG_WARN_DEPRECATED_OBJC_IMPLEMENTATIONS = YES;
				CLANG_WARN_DIRECT_OBJC_ISA_USAGE = YES_ERROR;
				CLANG_WARN_DOCUMENTATION_COMMENTS = YES;
				CLANG_WARN_EMPTY_BODY = YES;
				CLANG_WARN_ENUM_CONVERSION = YES;
				CLANG_WARN_INFINITE_RECURSION = YES;
				CLANG_WARN_INT_CONVERSION = YES;
				CLANG_WARN_NON_LITERAL_NULL_CONVERSION = YES;
				CLANG_WARN_OBJC_IMPLICIT_RETAIN_SELF = YES;
				CLANG_WARN_OBJC_LITERAL_CONVERSION = YES;
				CLANG_WARN_OBJC_ROOT_CLASS = YES_ERROR;
				CLANG_WARN_RANGE_LOOP_ANALYSIS = YES;
				CLANG_WARN_STRICT_PROTOTYPES = YES;
				CLANG_WARN_SUSPICIOUS_MOVE = YES;
				CLANG_WARN_UNGUARDED_AVAILABILITY = YES_AGGRESSIVE;
				CLANG_WARN_UNREACHABLE_CODE = YES;
				CLANG_WARN__DUPLICATE_METHOD_MATCH = YES;
				COPY_PHASE_STRIP = NO;
				DEBUG_INFORMATION_FORMAT = dwarf;
				ENABLE_STRICT_OBJC_MSGSEND = YES;
				ENABLE_TESTABILITY = YES;
				GCC_C_LANGUAGE_STANDARD = gnu11;
				GCC_DYNAMIC_NO_PIC = NO;
				GCC_NO_COMMON_BLOCKS = YES;
				GCC_OPTIMIZATION_LEVEL = 0;
				GCC_PREPROCESSOR_DEFINITIONS = (
					"DEBUG=1",
					"$(inherited)",
				);
				GCC_WARN_64_TO_32_BIT_CONVERSION = YES;
				GCC_WARN_ABOUT_RETURN_TYPE = YES_ERROR;
				GCC_WARN_UNDECLARED_SELECTOR = YES;
				GCC_WARN_UNINITIALIZED_AUTOS = YES_AGGRESSIVE;
				GCC_WARN_UNUSED_FUNCTION = YES;
				GCC_WARN_UNUSED_VARIABLE = YES;
				IPHONEOS_DEPLOYMENT_TARGET = 13.5;
				MTL_ENABLE_DEBUG_INFO = INCLUDE_SOURCE;
				MTL_FAST_MATH = YES;
				ONLY_ACTIVE_ARCH = YES;
				SDKROOT = iphoneos;
				SWIFT_ACTIVE_COMPILATION_CONDITIONS = DEBUG;
				SWIFT_OPTIMIZATION_LEVEL = "-Onone";
			};
			name = Debug;
		};
		344F56B924B533C600E63F75 /* Release */ = {
			isa = XCBuildConfiguration;
			buildSettings = {
				ALWAYS_SEARCH_USER_PATHS = NO;
				CLANG_ANALYZER_NONNULL = YES;
				CLANG_ANALYZER_NUMBER_OBJECT_CONVERSION = YES_AGGRESSIVE;
				CLANG_CXX_LANGUAGE_STANDARD = "gnu++14";
				CLANG_CXX_LIBRARY = "libc++";
				CLANG_ENABLE_MODULES = YES;
				CLANG_ENABLE_OBJC_ARC = YES;
				CLANG_ENABLE_OBJC_WEAK = YES;
				CLANG_WARN_BLOCK_CAPTURE_AUTORELEASING = YES;
				CLANG_WARN_BOOL_CONVERSION = YES;
				CLANG_WARN_COMMA = YES;
				CLANG_WARN_CONSTANT_CONVERSION = YES;
				CLANG_WARN_DEPRECATED_OBJC_IMPLEMENTATIONS = YES;
				CLANG_WARN_DIRECT_OBJC_ISA_USAGE = YES_ERROR;
				CLANG_WARN_DOCUMENTATION_COMMENTS = YES;
				CLANG_WARN_EMPTY_BODY = YES;
				CLANG_WARN_ENUM_CONVERSION = YES;
				CLANG_WARN_INFINITE_RECURSION = YES;
				CLANG_WARN_INT_CONVERSION = YES;
				CLANG_WARN_NON_LITERAL_NULL_CONVERSION = YES;
				CLANG_WARN_OBJC_IMPLICIT_RETAIN_SELF = YES;
				CLANG_WARN_OBJC_LITERAL_CONVERSION = YES;
				CLANG_WARN_OBJC_ROOT_CLASS = YES_ERROR;
				CLANG_WARN_RANGE_LOOP_ANALYSIS = YES;
				CLANG_WARN_STRICT_PROTOTYPES = YES;
				CLANG_WARN_SUSPICIOUS_MOVE = YES;
				CLANG_WARN_UNGUARDED_AVAILABILITY = YES_AGGRESSIVE;
				CLANG_WARN_UNREACHABLE_CODE = YES;
				CLANG_WARN__DUPLICATE_METHOD_MATCH = YES;
				COPY_PHASE_STRIP = NO;
				DEBUG_INFORMATION_FORMAT = "dwarf-with-dsym";
				ENABLE_NS_ASSERTIONS = NO;
				ENABLE_STRICT_OBJC_MSGSEND = YES;
				GCC_C_LANGUAGE_STANDARD = gnu11;
				GCC_NO_COMMON_BLOCKS = YES;
				GCC_WARN_64_TO_32_BIT_CONVERSION = YES;
				GCC_WARN_ABOUT_RETURN_TYPE = YES_ERROR;
				GCC_WARN_UNDECLARED_SELECTOR = YES;
				GCC_WARN_UNINITIALIZED_AUTOS = YES_AGGRESSIVE;
				GCC_WARN_UNUSED_FUNCTION = YES;
				GCC_WARN_UNUSED_VARIABLE = YES;
				IPHONEOS_DEPLOYMENT_TARGET = 13.5;
				MTL_ENABLE_DEBUG_INFO = NO;
				MTL_FAST_MATH = YES;
				SDKROOT = iphoneos;
				SWIFT_COMPILATION_MODE = wholemodule;
				SWIFT_OPTIMIZATION_LEVEL = "-O";
				VALIDATE_PRODUCT = YES;
			};
			name = Release;
		};
		344F56BB24B533C600E63F75 /* Debug */ = {
			isa = XCBuildConfiguration;
			buildSettings = {
				ASSETCATALOG_COMPILER_APPICON_NAME = AppIcon;
				CODE_SIGN_ENTITLEMENTS = Vocalize/Vocalize.entitlements;
				CODE_SIGN_STYLE = Automatic;
				DEVELOPMENT_TEAM = R285PG46J3;
				INFOPLIST_FILE = Vocalize/Info.plist;
				LD_RUNPATH_SEARCH_PATHS = (
					"$(inherited)",
					"@executable_path/Frameworks",
				);
				PRODUCT_BUNDLE_IDENTIFIER = com.mair.Vocalize;
				PRODUCT_NAME = "$(TARGET_NAME)";
				SWIFT_VERSION = 5.0;
				TARGETED_DEVICE_FAMILY = "1,2";
			};
			name = Debug;
		};
		344F56BC24B533C600E63F75 /* Release */ = {
			isa = XCBuildConfiguration;
			buildSettings = {
				ASSETCATALOG_COMPILER_APPICON_NAME = AppIcon;
				CODE_SIGN_ENTITLEMENTS = Vocalize/Vocalize.entitlements;
				CODE_SIGN_STYLE = Automatic;
				DEVELOPMENT_TEAM = R285PG46J3;
				INFOPLIST_FILE = Vocalize/Info.plist;
				LD_RUNPATH_SEARCH_PATHS = (
					"$(inherited)",
					"@executable_path/Frameworks",
				);
				PRODUCT_BUNDLE_IDENTIFIER = com.mair.Vocalize;
				PRODUCT_NAME = "$(TARGET_NAME)";
				SWIFT_VERSION = 5.0;
				TARGETED_DEVICE_FAMILY = "1,2";
			};
			name = Release;
		};
/* End XCBuildConfiguration section */

/* Begin XCConfigurationList section */
		344F56A124B533C400E63F75 /* Build configuration list for PBXProject "Vocalize" */ = {
			isa = XCConfigurationList;
			buildConfigurations = (
				344F56B824B533C600E63F75 /* Debug */,
				344F56B924B533C600E63F75 /* Release */,
			);
			defaultConfigurationIsVisible = 0;
			defaultConfigurationName = Release;
		};
		344F56BA24B533C600E63F75 /* Build configuration list for PBXNativeTarget "Vocalize" */ = {
			isa = XCConfigurationList;
			buildConfigurations = (
				344F56BB24B533C600E63F75 /* Debug */,
				344F56BC24B533C600E63F75 /* Release */,
			);
			defaultConfigurationIsVisible = 0;
			defaultConfigurationName = Release;
		};
/* End XCConfigurationList section */

/* Begin XCVersionGroup section */
		34F2424924BB79A30099D09D /* Vocalize.xcdatamodeld */ = {
			isa = XCVersionGroup;
			children = (
				34F2424A24BB79A30099D09D /* Vocalize.xcdatamodel */,
			);
			currentVersion = 34F2424A24BB79A30099D09D /* Vocalize.xcdatamodel */;
			path = Vocalize.xcdatamodeld;
			sourceTree = "<group>";
			versionGroupType = wrapper.xcdatamodel;
		};
/* End XCVersionGroup section */
	};
	rootObject = 344F569E24B533C400E63F75 /* Project object */;
}
